
Microsoft Visual Studio Solution File, Format Version 12.00
# Visual Studio Version 16
VisualStudioVersion = 16.0.30218.14
MinimumVisualStudioVersion = 10.0.40219.1
Project("{FAE04EC0-301F-11D3-BF4B-00C04F79EFBC}") = "ConsoleApp39", "ConsoleApp39\ConsoleApp39.csproj", "{5B8AD03D-A584-4218-B3CB-7DFFF59CF2A3}"
EndProject
Project("{FAE04EC0-301F-11D3-BF4B-00C04F79EFBC}") = "ClassLibrary1", "ClassLibrary1\ClassLibrary1.csproj", "{CE83C9EE-A682-419F-A572-A6252B76DE5D}"
EndProject
Project("{2150E333-8FDC-42A3-9474-1A3956D46DE8}") = "Solution Items", "Solution Items", "{9E634B51-BB38-4BA5-9ED4-ECA2A05EDDAA}"
	ProjectSection(SolutionItems) = preProject
		.editorconfig = .editorconfig
	EndProjectSection
EndProject
Global
	GlobalSection(SolutionConfigurationPlatforms) = preSolution
		Debug|Any CPU = Debug|Any CPU
		Release|Any CPU = Release|Any CPU
	EndGlobalSection
	GlobalSection(ProjectConfigurationPlatforms) = postSolution
		{5B8AD03D-A584-4218-B3CB-7DFFF59CF2A3}.Debug|Any CPU.ActiveCfg = Debug|Any CPU
		{5B8AD03D-A584-4218-B3CB-7DFFF59CF2A3}.Debug|Any CPU.Build.0 = Debug|Any CPU
		{5B8AD03D-A584-4218-B3CB-7DFFF59CF2A3}.Release|Any CPU.ActiveCfg = Release|Any CPU
		{5B8AD03D-A584-4218-B3CB-7DFFF59CF2A3}.Release|Any CPU.Build.0 = Release|Any CPU
		{CE83C9EE-A682-419F-A572-A6252B76DE5D}.Debug|Any CPU.ActiveCfg = Debug|Any CPU
		{CE83C9EE-A682-419F-A572-A6252B76DE5D}.Debug|Any CPU.Build.0 = Debug|Any CPU
		{CE83C9EE-A682-419F-A572-A6252B76DE5D}.Release|Any CPU.ActiveCfg = Release|Any CPU
		{CE83C9EE-A682-419F-A572-A6252B76DE5D}.Release|Any CPU.Build.0 = Release|Any CPU
	EndGlobalSection
	GlobalSection(SolutionProperties) = preSolution
		HideSolutionNode = FALSE
	EndGlobalSection
	GlobalSection(ExtensibilityGlobals) = postSolution
		SolutionGuid = {B83A8B43-A2B9-4FBC-98E6-E600D393F1FA}
	EndGlobalSection
EndGlobal
